
Microsoft Visual Studio Solution File, Format Version 12.00
# Visual Studio 15
Project("{FAE04EC0-301F-11D3-BF4B-00C04F79EFBC}") = "PlayAssembly", "PlayAssembly.csproj", "{BE2AB9DE-CFEE-A05A-4919-0026D55FBB14}"
EndProject
Project("{2150E333-8FDC-42A3-9474-1A3956D46DE8}") = "Solution Items", "Solution Items", "{5809F3EF-2F4F-4604-83A6-B662D7E85FDC}"
	ProjectSection(SolutionItems) = preProject
		README.md = README.md
	EndProjectSection
EndProject
Global
	GlobalSection(SolutionConfigurationPlatforms) = preSolution
		Debug|Any CPU = Debug|Any CPU
		Release|Any CPU = Release|Any CPU
	EndGlobalSection
	GlobalSection(ProjectConfigurationPlatforms) = postSolution
		{BE2AB9DE-CFEE-A05A-4919-0026D55FBB14}.Debug|Any CPU.ActiveCfg = Debug|Any CPU
		{BE2AB9DE-CFEE-A05A-4919-0026D55FBB14}.Debug|Any CPU.Build.0 = Debug|Any CPU
		{BE2AB9DE-CFEE-A05A-4919-0026D55FBB14}.Release|Any CPU.ActiveCfg = Release|Any CPU
		{BE2AB9DE-CFEE-A05A-4919-0026D55FBB14}.Release|Any CPU.Build.0 = Release|Any CPU
	EndGlobalSection
	GlobalSection(SolutionProperties) = preSolution
		HideSolutionNode = FALSE
	EndGlobalSection
EndGlobal
